
Microsoft Visual Studio Solution File, Format Version 11.00
# Visual Studio 2010
Project("{FAE04EC0-301F-11D3-BF4B-00C04F79EFBC}") = "Assembly-CSharp", "Assembly-CSharp.csproj", "{6630a097-96ec-640b-a6e0-a5f3ebecb6d4}"
EndProject
Project("{FAE04EC0-301F-11D3-BF4B-00C04F79EFBC}") = "Assembly-CSharp-Editor", "Assembly-CSharp-Editor.csproj", "{07b52de0-f7da-20ec-1110-d61725dbb2bc}"
EndProject
Global
	GlobalSection(SolutionConfigurationPlatforms) = preSolution
		Debug|Any CPU = Debug|Any CPU
	EndGlobalSection
	GlobalSection(ProjectConfigurationPlatforms) = postSolution
		{6630a097-96ec-640b-a6e0-a5f3ebecb6d4}.Debug|Any CPU.ActiveCfg = Debug|Any CPU
		{6630a097-96ec-640b-a6e0-a5f3ebecb6d4}.Debug|Any CPU.Build.0 = Debug|Any CPU
		{07b52de0-f7da-20ec-1110-d61725dbb2bc}.Debug|Any CPU.ActiveCfg = Debug|Any CPU
		{07b52de0-f7da-20ec-1110-d61725dbb2bc}.Debug|Any CPU.Build.0 = Debug|Any CPU
	EndGlobalSection
	GlobalSection(SolutionProperties) = preSolution
		HideSolutionNode = FALSE
	EndGlobalSection
EndGlobal
